// !$*UTF8*$!
{
	archiveVersion = 1;
	classes = {
	};
	objectVersion = 50;
	objects = {

/* Begin PBXBuildFile section */
		DB0601102348A6AF00870186 /* AppDelegate.swift in Sources */ = {isa = PBXBuildFile; fileRef = DB06010F2348A6AF00870186 /* AppDelegate.swift */; };
		DB0601152348A6AF00870186 /* ARC.storyboard in Resources */ = {isa = PBXBuildFile; fileRef = DB0601132348A6AF00870186 /* ARC.storyboard */; };
		DB0601172348A6B100870186 /* Assets.xcassets in Resources */ = {isa = PBXBuildFile; fileRef = DB0601162348A6B100870186 /* Assets.xcassets */; };
		DB06011A2348A6B100870186 /* LaunchScreen.storyboard in Resources */ = {isa = PBXBuildFile; fileRef = DB0601182348A6B100870186 /* LaunchScreen.storyboard */; };
		DB06012B2348E75600870186 /* ExampleARC01VC.swift in Sources */ = {isa = PBXBuildFile; fileRef = DB0601282348E75600870186 /* ExampleARC01VC.swift */; };
		DB06012C2348E75600870186 /* ExampleARC02VC.swift in Sources */ = {isa = PBXBuildFile; fileRef = DB0601292348E75600870186 /* ExampleARC02VC.swift */; };
		DB06012D2348E75600870186 /* ExampleARC03VC.swift in Sources */ = {isa = PBXBuildFile; fileRef = DB06012A2348E75600870186 /* ExampleARC03VC.swift */; };
		DB0601302349B50200870186 /* ExampleGCD01VC.swift in Sources */ = {isa = PBXBuildFile; fileRef = DB06012F2349B50200870186 /* ExampleGCD01VC.swift */; };
		DB0601322349B51100870186 /* GCD.storyboard in Resources */ = {isa = PBXBuildFile; fileRef = DB0601312349B51100870186 /* GCD.storyboard */; };
		DB0601892349D7A700870186 /* raywenderlich.storyboard in Resources */ = {isa = PBXBuildFile; fileRef = DB0601882349D7A700870186 /* raywenderlich.storyboard */; };
		DB0601992349D80D00870186 /* PhotoCollectionViewCell.swift in Sources */ = {isa = PBXBuildFile; fileRef = DB06018A2349D80D00870186 /* PhotoCollectionViewCell.swift */; };
		DB06019A2349D80D00870186 /* PhotoDetailViewController.swift in Sources */ = {isa = PBXBuildFile; fileRef = DB06018B2349D80D00870186 /* PhotoDetailViewController.swift */; };
		DB06019B2349D80D00870186 /* CheckMark.swift in Sources */ = {isa = PBXBuildFile; fileRef = DB06018C2349D80D00870186 /* CheckMark.swift */; };
		DB06019C2349D80D00870186 /* PhotoManager.swift in Sources */ = {isa = PBXBuildFile; fileRef = DB06018D2349D80D00870186 /* PhotoManager.swift */; };
		DB06019D2349D80D00870186 /* UIImage+Resize.swift in Sources */ = {isa = PBXBuildFile; fileRef = DB06018E2349D80D00870186 /* UIImage+Resize.swift */; };
		DB06019E2349D80D00870186 /* Photo.swift in Sources */ = {isa = PBXBuildFile; fileRef = DB06018F2349D80D00870186 /* Photo.swift */; };
		DB06019F2349D80D00870186 /* AssetsCollectionViewController.swift in Sources */ = {isa = PBXBuildFile; fileRef = DB0601902349D80D00870186 /* AssetsCollectionViewController.swift */; };
		DB0601A12349D80D00870186 /* SelectedAssets.swift in Sources */ = {isa = PBXBuildFile; fileRef = DB0601922349D80D00870186 /* SelectedAssets.swift */; };
		DB0601A22349D80D00870186 /* UIImage+RoundedCorner.swift in Sources */ = {isa = PBXBuildFile; fileRef = DB0601932349D80D00870186 /* UIImage+RoundedCorner.swift */; };
		DB0601A32349D80D00870186 /* PhotoCollectionViewController.swift in Sources */ = {isa = PBXBuildFile; fileRef = DB0601942349D80D00870186 /* PhotoCollectionViewController.swift */; };
		DB0601A42349D80D00870186 /* UIImage+Alpha.swift in Sources */ = {isa = PBXBuildFile; fileRef = DB0601952349D80D00870186 /* UIImage+Alpha.swift */; };
		DB0601A52349D80D00870186 /* AlbumsTableViewController.swift in Sources */ = {isa = PBXBuildFile; fileRef = DB0601962349D80D00870186 /* AlbumsTableViewController.swift */; };
		DB0601A62349D80D00870186 /* AssetCollectionViewCell.swift in Sources */ = {isa = PBXBuildFile; fileRef = DB0601972349D80D00870186 /* AssetCollectionViewCell.swift */; };
		DB0601A72349D80D00870186 /* AssetPickerDelegate.swift in Sources */ = {isa = PBXBuildFile; fileRef = DB0601982349D80D00870186 /* AssetPickerDelegate.swift */; };
/* End PBXBuildFile section */

/* Begin PBXFileReference section */
		DB06010C2348A6AF00870186 /* study_swift.app */ = {isa = PBXFileReference; explicitFileType = wrapper.application; includeInIndex = 0; path = study_swift.app; sourceTree = BUILT_PRODUCTS_DIR; };
		DB06010F2348A6AF00870186 /* AppDelegate.swift */ = {isa = PBXFileReference; lastKnownFileType = sourcecode.swift; path = AppDelegate.swift; sourceTree = "<group>"; };
		DB0601142348A6AF00870186 /* Base */ = {isa = PBXFileReference; lastKnownFileType = file.storyboard; name = Base; path = Base.lproj/ARC.storyboard; sourceTree = "<group>"; };
		DB0601162348A6B100870186 /* Assets.xcassets */ = {isa = PBXFileReference; lastKnownFileType = folder.assetcatalog; path = Assets.xcassets; sourceTree = "<group>"; };
		DB0601192348A6B100870186 /* Base */ = {isa = PBXFileReference; lastKnownFileType = file.storyboard; name = Base; path = Base.lproj/LaunchScreen.storyboard; sourceTree = "<group>"; };
		DB06011B2348A6B100870186 /* Info.plist */ = {isa = PBXFileReference; lastKnownFileType = text.plist.xml; path = Info.plist; sourceTree = "<group>"; };
		DB0601282348E75600870186 /* ExampleARC01VC.swift */ = {isa = PBXFileReference; fileEncoding = 4; lastKnownFileType = sourcecode.swift; path = ExampleARC01VC.swift; sourceTree = "<group>"; };
		DB0601292348E75600870186 /* ExampleARC02VC.swift */ = {isa = PBXFileReference; fileEncoding = 4; lastKnownFileType = sourcecode.swift; path = ExampleARC02VC.swift; sourceTree = "<group>"; };
		DB06012A2348E75600870186 /* ExampleARC03VC.swift */ = {isa = PBXFileReference; fileEncoding = 4; lastKnownFileType = sourcecode.swift; path = ExampleARC03VC.swift; sourceTree = "<group>"; };
		DB06012F2349B50200870186 /* ExampleGCD01VC.swift */ = {isa = PBXFileReference; lastKnownFileType = sourcecode.swift; path = ExampleGCD01VC.swift; sourceTree = "<group>"; };
		DB0601312349B51100870186 /* GCD.storyboard */ = {isa = PBXFileReference; lastKnownFileType = file.storyboard; path = GCD.storyboard; sourceTree = "<group>"; };
		DB0601882349D7A700870186 /* raywenderlich.storyboard */ = {isa = PBXFileReference; lastKnownFileType = file.storyboard; path = raywenderlich.storyboard; sourceTree = "<group>"; };
		DB06018A2349D80D00870186 /* PhotoCollectionViewCell.swift */ = {isa = PBXFileReference; fileEncoding = 4; lastKnownFileType = sourcecode.swift; path = PhotoCollectionViewCell.swift; sourceTree = "<group>"; };
		DB06018B2349D80D00870186 /* PhotoDetailViewController.swift */ = {isa = PBXFileReference; fileEncoding = 4; lastKnownFileType = sourcecode.swift; path = PhotoDetailViewController.swift; sourceTree = "<group>"; };
		DB06018C2349D80D00870186 /* CheckMark.swift */ = {isa = PBXFileReference; fileEncoding = 4; lastKnownFileType = sourcecode.swift; path = CheckMark.swift; sourceTree = "<group>"; };
		DB06018D2349D80D00870186 /* PhotoManager.swift */ = {isa = PBXFileReference; fileEncoding = 4; lastKnownFileType = sourcecode.swift; path = PhotoManager.swift; sourceTree = "<group>"; };
		DB06018E2349D80D00870186 /* UIImage+Resize.swift */ = {isa = PBXFileReference; fileEncoding = 4; lastKnownFileType = sourcecode.swift; path = "UIImage+Resize.swift"; sourceTree = "<group>"; };
		DB06018F2349D80D00870186 /* Photo.swift */ = {isa = PBXFileReference; fileEncoding = 4; lastKnownFileType = sourcecode.swift; path = Photo.swift; sourceTree = "<group>"; };
		DB0601902349D80D00870186 /* AssetsCollectionViewController.swift */ = {isa = PBXFileReference; fileEncoding = 4; lastKnownFileType = sourcecode.swift; path = AssetsCollectionViewController.swift; sourceTree = "<group>"; };
		DB0601922349D80D00870186 /* SelectedAssets.swift */ = {isa = PBXFileReference; fileEncoding = 4; lastKnownFileType = sourcecode.swift; path = SelectedAssets.swift; sourceTree = "<group>"; };
		DB0601932349D80D00870186 /* UIImage+RoundedCorner.swift */ = {isa = PBXFileReference; fileEncoding = 4; lastKnownFileType = sourcecode.swift; path = "UIImage+RoundedCorner.swift"; sourceTree = "<group>"; };
		DB0601942349D80D00870186 /* PhotoCollectionViewController.swift */ = {isa = PBXFileReference; fileEncoding = 4; lastKnownFileType = sourcecode.swift; path = PhotoCollectionViewController.swift; sourceTree = "<group>"; };
		DB0601952349D80D00870186 /* UIImage+Alpha.swift */ = {isa = PBXFileReference; fileEncoding = 4; lastKnownFileType = sourcecode.swift; path = "UIImage+Alpha.swift"; sourceTree = "<group>"; };
		DB0601962349D80D00870186 /* AlbumsTableViewController.swift */ = {isa = PBXFileReference; fileEncoding = 4; lastKnownFileType = sourcecode.swift; path = AlbumsTableViewController.swift; sourceTree = "<group>"; };
		DB0601972349D80D00870186 /* AssetCollectionViewCell.swift */ = {isa = PBXFileReference; fileEncoding = 4; lastKnownFileType = sourcecode.swift; path = AssetCollectionViewCell.swift; sourceTree = "<group>"; };
		DB0601982349D80D00870186 /* AssetPickerDelegate.swift */ = {isa = PBXFileReference; fileEncoding = 4; lastKnownFileType = sourcecode.swift; path = AssetPickerDelegate.swift; sourceTree = "<group>"; };
/* End PBXFileReference section */

/* Begin PBXFrameworksBuildPhase section */
		DB0601092348A6AF00870186 /* Frameworks */ = {
			isa = PBXFrameworksBuildPhase;
			buildActionMask = 2147483647;
			files = (
			);
			runOnlyForDeploymentPostprocessing = 0;
		};
/* End PBXFrameworksBuildPhase section */

/* Begin PBXGroup section */
		DB0601032348A6AF00870186 = {
			isa = PBXGroup;
			children = (
				DB06010E2348A6AF00870186 /* study_swift */,
				DB06010D2348A6AF00870186 /* Products */,
			);
			sourceTree = "<group>";
		};
		DB06010D2348A6AF00870186 /* Products */ = {
			isa = PBXGroup;
			children = (
				DB06010C2348A6AF00870186 /* study_swift.app */,
			);
			name = Products;
			sourceTree = "<group>";
		};
		DB06010E2348A6AF00870186 /* study_swift */ = {
			isa = PBXGroup;
			children = (
				DB06010F2348A6AF00870186 /* AppDelegate.swift */,
				DB06012E2349B4F000870186 /* GCD */,
				DB0601212348C99700870186 /* ARC */,
				DB0601162348A6B100870186 /* Assets.xcassets */,
				DB0601182348A6B100870186 /* LaunchScreen.storyboard */,
				DB06011B2348A6B100870186 /* Info.plist */,
			);
			path = study_swift;
			sourceTree = "<group>";
		};
		DB0601212348C99700870186 /* ARC */ = {
			isa = PBXGroup;
			children = (
				DB0601132348A6AF00870186 /* ARC.storyboard */,
				DB0601282348E75600870186 /* ExampleARC01VC.swift */,
				DB0601292348E75600870186 /* ExampleARC02VC.swift */,
				DB06012A2348E75600870186 /* ExampleARC03VC.swift */,
			);
			path = ARC;
			sourceTree = "<group>";
		};
		DB06012E2349B4F000870186 /* GCD */ = {
			isa = PBXGroup;
			children = (
				DB0601872349D77F00870186 /* raywenderlich */,
				DB06012F2349B50200870186 /* ExampleGCD01VC.swift */,
				DB0601312349B51100870186 /* GCD.storyboard */,
			);
			path = GCD;
			sourceTree = "<group>";
		};
		DB0601872349D77F00870186 /* raywenderlich */ = {
			isa = PBXGroup;
			children = (
				DB0601962349D80D00870186 /* AlbumsTableViewController.swift */,
				DB0601972349D80D00870186 /* AssetCollectionViewCell.swift */,
				DB0601982349D80D00870186 /* AssetPickerDelegate.swift */,
				DB0601902349D80D00870186 /* AssetsCollectionViewController.swift */,
				DB06018C2349D80D00870186 /* CheckMark.swift */,
				DB06018F2349D80D00870186 /* Photo.swift */,
				DB06018A2349D80D00870186 /* PhotoCollectionViewCell.swift */,
				DB0601942349D80D00870186 /* PhotoCollectionViewController.swift */,
				DB06018B2349D80D00870186 /* PhotoDetailViewController.swift */,
				DB06018D2349D80D00870186 /* PhotoManager.swift */,
				DB0601922349D80D00870186 /* SelectedAssets.swift */,
				DB0601952349D80D00870186 /* UIImage+Alpha.swift */,
				DB06018E2349D80D00870186 /* UIImage+Resize.swift */,
				DB0601932349D80D00870186 /* UIImage+RoundedCorner.swift */,
				DB0601882349D7A700870186 /* raywenderlich.storyboard */,
			);
			path = raywenderlich;
			sourceTree = "<group>";
		};
/* End PBXGroup section */

/* Begin PBXNativeTarget section */
		DB06010B2348A6AF00870186 /* study_swift */ = {
			isa = PBXNativeTarget;
			buildConfigurationList = DB06011E2348A6B100870186 /* Build configuration list for PBXNativeTarget "study_swift" */;
			buildPhases = (
				DB0601082348A6AF00870186 /* Sources */,
				DB0601092348A6AF00870186 /* Frameworks */,
				DB06010A2348A6AF00870186 /* Resources */,
			);
			buildRules = (
			);
			dependencies = (
			);
			name = study_swift;
			productName = study_swift;
			productReference = DB06010C2348A6AF00870186 /* study_swift.app */;
			productType = "com.apple.product-type.application";
		};
/* End PBXNativeTarget section */

/* Begin PBXProject section */
		DB0601042348A6AF00870186 /* Project object */ = {
			isa = PBXProject;
			attributes = {
				LastSwiftUpdateCheck = 1010;
				LastUpgradeCheck = 1010;
				ORGANIZATIONNAME = "Maverick DevStudioa";
				TargetAttributes = {
					DB06010B2348A6AF00870186 = {
						CreatedOnToolsVersion = 10.1;
					};
				};
			};
			buildConfigurationList = DB0601072348A6AF00870186 /* Build configuration list for PBXProject "study_swift" */;
			compatibilityVersion = "Xcode 9.3";
			developmentRegion = en;
			hasScannedForEncodings = 0;
			knownRegions = (
				en,
				Base,
			);
			mainGroup = DB0601032348A6AF00870186;
			productRefGroup = DB06010D2348A6AF00870186 /* Products */;
			projectDirPath = "";
			projectRoot = "";
			targets = (
				DB06010B2348A6AF00870186 /* study_swift */,
			);
		};
/* End PBXProject section */

/* Begin PBXResourcesBuildPhase section */
		DB06010A2348A6AF00870186 /* Resources */ = {
			isa = PBXResourcesBuildPhase;
			buildActionMask = 2147483647;
			files = (
				DB06011A2348A6B100870186 /* LaunchScreen.storyboard in Resources */,
				DB0601172348A6B100870186 /* Assets.xcassets in Resources */,
				DB0601152348A6AF00870186 /* ARC.storyboard in Resources */,
				DB0601892349D7A700870186 /* raywenderlich.storyboard in Resources */,
				DB0601322349B51100870186 /* GCD.storyboard in Resources */,
			);
			runOnlyForDeploymentPostprocessing = 0;
		};
/* End PBXResourcesBuildPhase section */

/* Begin PBXSourcesBuildPhase section */
		DB0601082348A6AF00870186 /* Sources */ = {
			isa = PBXSourcesBuildPhase;
			buildActionMask = 2147483647;
			files = (
				DB0601A22349D80D00870186 /* UIImage+RoundedCorner.swift in Sources */,
				DB0601102348A6AF00870186 /* AppDelegate.swift in Sources */,
				DB06019F2349D80D00870186 /* AssetsCollectionViewController.swift in Sources */,
				DB0601302349B50200870186 /* ExampleGCD01VC.swift in Sources */,
				DB06012D2348E75600870186 /* ExampleARC03VC.swift in Sources */,
				DB0601A62349D80D00870186 /* AssetCollectionViewCell.swift in Sources */,
				DB06019D2349D80D00870186 /* UIImage+Resize.swift in Sources */,
				DB06019C2349D80D00870186 /* PhotoManager.swift in Sources */,
				DB06019B2349D80D00870186 /* CheckMark.swift in Sources */,
				DB0601A72349D80D00870186 /* AssetPickerDelegate.swift in Sources */,
				DB0601A12349D80D00870186 /* SelectedAssets.swift in Sources */,
				DB06019A2349D80D00870186 /* PhotoDetailViewController.swift in Sources */,
				DB0601A32349D80D00870186 /* PhotoCollectionViewController.swift in Sources */,
				DB06019E2349D80D00870186 /* Photo.swift in Sources */,
				DB0601A52349D80D00870186 /* AlbumsTableViewController.swift in Sources */,
				DB0601A42349D80D00870186 /* UIImage+Alpha.swift in Sources */,
				DB06012B2348E75600870186 /* ExampleARC01VC.swift in Sources */,
				DB06012C2348E75600870186 /* ExampleARC02VC.swift in Sources */,
				DB0601992349D80D00870186 /* PhotoCollectionViewCell.swift in Sources */,
			);
			runOnlyForDeploymentPostprocessing = 0;
		};
/* End PBXSourcesBuildPhase section */

/* Begin PBXVariantGroup section */
		DB0601132348A6AF00870186 /* ARC.storyboard */ = {
			isa = PBXVariantGroup;
			children = (
				DB0601142348A6AF00870186 /* Base */,
			);
			name = ARC.storyboard;
			sourceTree = "<group>";
		};
		DB0601182348A6B100870186 /* LaunchScreen.storyboard */ = {
			isa = PBXVariantGroup;
			children = (
				DB0601192348A6B100870186 /* Base */,
			);
			name = LaunchScreen.storyboard;
			sourceTree = "<group>";
		};
/* End PBXVariantGroup section */

/* Begin XCBuildConfiguration section */
		DB06011C2348A6B100870186 /* Debug */ = {
			isa = XCBuildConfiguration;
			buildSettings = {
				ALWAYS_SEARCH_USER_PATHS = NO;
				CLANG_ANALYZER_NONNULL = YES;
				CLANG_ANALYZER_NUMBER_OBJECT_CONVERSION = YES_AGGRESSIVE;
				CLANG_CXX_LANGUAGE_STANDARD = "gnu++14";
				CLANG_CXX_LIBRARY = "libc++";
				CLANG_ENABLE_MODULES = YES;
				CLANG_ENABLE_OBJC_ARC = YES;
				CLANG_ENABLE_OBJC_WEAK = YES;
				CLANG_WARN_BLOCK_CAPTURE_AUTORELEASING = YES;
				CLANG_WARN_BOOL_CONVERSION = YES;
				CLANG_WARN_COMMA = YES;
				CLANG_WARN_CONSTANT_CONVERSION = YES;
				CLANG_WARN_DEPRECATED_OBJC_IMPLEMENTATIONS = YES;
				CLANG_WARN_DIRECT_OBJC_ISA_USAGE = YES_ERROR;
				CLANG_WARN_DOCUMENTATION_COMMENTS = YES;
				CLANG_WARN_EMPTY_BODY = YES;
				CLANG_WARN_ENUM_CONVERSION = YES;
				CLANG_WARN_INFINITE_RECURSION = YES;
				CLANG_WARN_INT_CONVERSION = YES;
				CLANG_WARN_NON_LITERAL_NULL_CONVERSION = YES;
				CLANG_WARN_OBJC_IMPLICIT_RETAIN_SELF = YES;
				CLANG_WARN_OBJC_LITERAL_CONVERSION = YES;
				CLANG_WARN_OBJC_ROOT_CLASS = YES_ERROR;
				CLANG_WARN_RANGE_LOOP_ANALYSIS = YES;
				CLANG_WARN_STRICT_PROTOTYPES = YES;
				CLANG_WARN_SUSPICIOUS_MOVE = YES;
				CLANG_WARN_UNGUARDED_AVAILABILITY = YES_AGGRESSIVE;
				CLANG_WARN_UNREACHABLE_CODE = YES;
				CLANG_WARN__DUPLICATE_METHOD_MATCH = YES;
				CODE_SIGN_IDENTITY = "iPhone Developer";
				COPY_PHASE_STRIP = NO;
				DEBUG_INFORMATION_FORMAT = dwarf;
				ENABLE_STRICT_OBJC_MSGSEND = YES;
				ENABLE_TESTABILITY = YES;
				GCC_C_LANGUAGE_STANDARD = gnu11;
				GCC_DYNAMIC_NO_PIC = NO;
				GCC_NO_COMMON_BLOCKS = YES;
				GCC_OPTIMIZATION_LEVEL = 0;
				GCC_PREPROCESSOR_DEFINITIONS = (
					"DEBUG=1",
					"$(inherited)",
				);
				GCC_WARN_64_TO_32_BIT_CONVERSION = YES;
				GCC_WARN_ABOUT_RETURN_TYPE = YES_ERROR;
				GCC_WARN_UNDECLARED_SELECTOR = YES;
				GCC_WARN_UNINITIALIZED_AUTOS = YES_AGGRESSIVE;
				GCC_WARN_UNUSED_FUNCTION = YES;
				GCC_WARN_UNUSED_VARIABLE = YES;
				IPHONEOS_DEPLOYMENT_TARGET = 12.1;
				MTL_ENABLE_DEBUG_INFO = INCLUDE_SOURCE;
				MTL_FAST_MATH = YES;
				ONLY_ACTIVE_ARCH = YES;
				SDKROOT = iphoneos;
				SWIFT_ACTIVE_COMPILATION_CONDITIONS = DEBUG;
				SWIFT_OPTIMIZATION_LEVEL = "-Onone";
			};
			name = Debug;
		};
		DB06011D2348A6B100870186 /* Release */ = {
			isa = XCBuildConfiguration;
			buildSettings = {
				ALWAYS_SEARCH_USER_PATHS = NO;
				CLANG_ANALYZER_NONNULL = YES;
				CLANG_ANALYZER_NUMBER_OBJECT_CONVERSION = YES_AGGRESSIVE;
				CLANG_CXX_LANGUAGE_STANDARD = "gnu++14";
				CLANG_CXX_LIBRARY = "libc++";
				CLANG_ENABLE_MODULES = YES;
				CLANG_ENABLE_OBJC_ARC = YES;
				CLANG_ENABLE_OBJC_WEAK = YES;
				CLANG_WARN_BLOCK_CAPTURE_AUTORELEASING = YES;
				CLANG_WARN_BOOL_CONVERSION = YES;
				CLANG_WARN_COMMA = YES;
				CLANG_WARN_CONSTANT_CONVERSION = YES;
				CLANG_WARN_DEPRECATED_OBJC_IMPLEMENTATIONS = YES;
				CLANG_WARN_DIRECT_OBJC_ISA_USAGE = YES_ERROR;
				CLANG_WARN_DOCUMENTATION_COMMENTS = YES;
				CLANG_WARN_EMPTY_BODY = YES;
				CLANG_WARN_ENUM_CONVERSION = YES;
				CLANG_WARN_INFINITE_RECURSION = YES;
				CLANG_WARN_INT_CONVERSION = YES;
				CLANG_WARN_NON_LITERAL_NULL_CONVERSION = YES;
				CLANG_WARN_OBJC_IMPLICIT_RETAIN_SELF = YES;
				CLANG_WARN_OBJC_LITERAL_CONVERSION = YES;
				CLANG_WARN_OBJC_ROOT_CLASS = YES_ERROR;
				CLANG_WARN_RANGE_LOOP_ANALYSIS = YES;
				CLANG_WARN_STRICT_PROTOTYPES = YES;
				CLANG_WARN_SUSPICIOUS_MOVE = YES;
				CLANG_WARN_UNGUARDED_AVAILABILITY = YES_AGGRESSIVE;
				CLANG_WARN_UNREACHABLE_CODE = YES;
				CLANG_WARN__DUPLICATE_METHOD_MATCH = YES;
				CODE_SIGN_IDENTITY = "iPhone Developer";
				COPY_PHASE_STRIP = NO;
				DEBUG_INFORMATION_FORMAT = "dwarf-with-dsym";
				ENABLE_NS_ASSERTIONS = NO;
				ENABLE_STRICT_OBJC_MSGSEND = YES;
				GCC_C_LANGUAGE_STANDARD = gnu11;
				GCC_NO_COMMON_BLOCKS = YES;
				GCC_WARN_64_TO_32_BIT_CONVERSION = YES;
				GCC_WARN_ABOUT_RETURN_TYPE = YES_ERROR;
				GCC_WARN_UNDECLARED_SELECTOR = YES;
				GCC_WARN_UNINITIALIZED_AUTOS = YES_AGGRESSIVE;
				GCC_WARN_UNUSED_FUNCTION = YES;
				GCC_WARN_UNUSED_VARIABLE = YES;
				IPHONEOS_DEPLOYMENT_TARGET = 12.1;
				MTL_ENABLE_DEBUG_INFO = NO;
				MTL_FAST_MATH = YES;
				SDKROOT = iphoneos;
				SWIFT_COMPILATION_MODE = wholemodule;
				SWIFT_OPTIMIZATION_LEVEL = "-O";
				VALIDATE_PRODUCT = YES;
			};
			name = Release;
		};
		DB06011F2348A6B100870186 /* Debug */ = {
			isa = XCBuildConfiguration;
			buildSettings = {
				ASSETCATALOG_COMPILER_APPICON_NAME = AppIcon;
				CODE_SIGN_STYLE = Automatic;
				DEVELOPMENT_TEAM = NXX55N99YY;
				INFOPLIST_FILE = study_swift/Info.plist;
				LD_RUNPATH_SEARCH_PATHS = (
					"$(inherited)",
					"@executable_path/Frameworks",
				);
				PRODUCT_BUNDLE_IDENTIFIER = "MaverickDevStudio.study-swift";
				PRODUCT_NAME = "$(TARGET_NAME)";
				SWIFT_VERSION = 4.2;
				TARGETED_DEVICE_FAMILY = "1,2";
			};
			name = Debug;
		};
		DB0601202348A6B100870186 /* Release */ = {
			isa = XCBuildConfiguration;
			buildSettings = {
				ASSETCATALOG_COMPILER_APPICON_NAME = AppIcon;
				CODE_SIGN_STYLE = Automatic;
				DEVELOPMENT_TEAM = NXX55N99YY;
				INFOPLIST_FILE = study_swift/Info.plist;
				LD_RUNPATH_SEARCH_PATHS = (
					"$(inherited)",
					"@executable_path/Frameworks",
				);
				PRODUCT_BUNDLE_IDENTIFIER = "MaverickDevStudio.study-swift";
				PRODUCT_NAME = "$(TARGET_NAME)";
				SWIFT_VERSION = 4.2;
				TARGETED_DEVICE_FAMILY = "1,2";
			};
			name = Release;
		};
/* End XCBuildConfiguration section */

/* Begin XCConfigurationList section */
		DB0601072348A6AF00870186 /* Build configuration list for PBXProject "study_swift" */ = {
			isa = XCConfigurationList;
			buildConfigurations = (
				DB06011C2348A6B100870186 /* Debug */,
				DB06011D2348A6B100870186 /* Release */,
			);
			defaultConfigurationIsVisible = 0;
			defaultConfigurationName = Release;
		};
		DB06011E2348A6B100870186 /* Build configuration list for PBXNativeTarget "study_swift" */ = {
			isa = XCConfigurationList;
			buildConfigurations = (
				DB06011F2348A6B100870186 /* Debug */,
				DB0601202348A6B100870186 /* Release */,
			);
			defaultConfigurationIsVisible = 0;
			defaultConfigurationName = Release;
		};
/* End XCConfigurationList section */
	};
	rootObject = DB0601042348A6AF00870186 /* Project object */;
}
